// !$*UTF8*$!
{
	archiveVersion = 1;
	classes = {
	};
	objectVersion = 46;
	objects = {

/* Begin PBXBuildFile section */
		3A1FF6F81DC3857F00A43A04 /* TPSStripeManager.m in Sources */ = {isa = PBXBuildFile; fileRef = 3A1FF6F71DC3857F00A43A04 /* TPSStripeManager.m */; };
		3A228EB21DC52E54007BB9D0 /* PassKit.framework in Frameworks */ = {isa = PBXBuildFile; fileRef = 3A228EB11DC52E54007BB9D0 /* PassKit.framework */; };
		3A4EF3251DC8F90100A7C0BD /* TPSCardFieldManager.m in Sources */ = {isa = PBXBuildFile; fileRef = 3A4EF3241DC8F90100A7C0BD /* TPSCardFieldManager.m */; };
		3A4EF3281DC8FD4600A7C0BD /* TPSCardField.m in Sources */ = {isa = PBXBuildFile; fileRef = 3A4EF3271DC8FD4600A7C0BD /* TPSCardField.m */; };
		3C0CB3831E6D765D00CF5D16 /* Stripe.framework in Frameworks */ = {isa = PBXBuildFile; fileRef = 3C0CB3821E6D765D00CF5D16 /* Stripe.framework */; settings = {ATTRIBUTES = (Weak, ); }; };
		95AFA00D2305851700FC2D1A /* RCTConvert+STPCardParams.m in Sources */ = {isa = PBXBuildFile; fileRef = 95AFA00C2305851700FC2D1A /* RCTConvert+STPCardParams.m */; };
		95AFA0102305860B00FC2D1A /* RCTConvert+STPSourceParams.m in Sources */ = {isa = PBXBuildFile; fileRef = 95AFA00F2305860B00FC2D1A /* RCTConvert+STPSourceParams.m */; };
		95AFA0132305864500FC2D1A /* RCTConvert+STPPaymentMethodCardParams.m in Sources */ = {isa = PBXBuildFile; fileRef = 95AFA0122305864500FC2D1A /* RCTConvert+STPPaymentMethodCardParams.m */; };
		95AFA0162305866500FC2D1A /* RCTConvert+STPSourceFlow.m in Sources */ = {isa = PBXBuildFile; fileRef = 95AFA0152305866500FC2D1A /* RCTConvert+STPSourceFlow.m */; };
		95AFA0192305867F00FC2D1A /* RCTConvert+STPSourceRedirectStatus.m in Sources */ = {isa = PBXBuildFile; fileRef = 95AFA0182305867F00FC2D1A /* RCTConvert+STPSourceRedirectStatus.m */; };
		95AFA01C230586A300FC2D1A /* RCTConvert+STPSourceVerificationStatus.m in Sources */ = {isa = PBXBuildFile; fileRef = 95AFA01B230586A300FC2D1A /* RCTConvert+STPSourceVerificationStatus.m */; };
		95AFA01F230586BF00FC2D1A /* RCTConvert+STPSourceCard3DSecureStatus.m in Sources */ = {isa = PBXBuildFile; fileRef = 95AFA01E230586BF00FC2D1A /* RCTConvert+STPSourceCard3DSecureStatus.m */; };
		95AFA022230586D500FC2D1A /* RCTConvert+STPSourceCardDetails.m in Sources */ = {isa = PBXBuildFile; fileRef = 95AFA021230586D500FC2D1A /* RCTConvert+STPSourceCardDetails.m */; };
		95AFA025230586EE00FC2D1A /* RCTConvert+STPSourceStatus.m in Sources */ = {isa = PBXBuildFile; fileRef = 95AFA024230586EE00FC2D1A /* RCTConvert+STPSourceStatus.m */; };
		95AFA0282305870E00FC2D1A /* RCTConvert+STPSourceType.m in Sources */ = {isa = PBXBuildFile; fileRef = 95AFA0272305870E00FC2D1A /* RCTConvert+STPSourceType.m */; };
		95AFA02B2305872A00FC2D1A /* RCTConvert+STPSourceUsage.m in Sources */ = {isa = PBXBuildFile; fileRef = 95AFA02A2305872A00FC2D1A /* RCTConvert+STPSourceUsage.m */; };
		95AFA02E2305875B00FC2D1A /* RCTConvert+STPSource.m in Sources */ = {isa = PBXBuildFile; fileRef = 95AFA02D2305875B00FC2D1A /* RCTConvert+STPSource.m */; };
		95BAEFDB23044DFA00C515DE /* RCTConvert+STPCardBrand.m in Sources */ = {isa = PBXBuildFile; fileRef = 95BAEFCA23044DF900C515DE /* RCTConvert+STPCardBrand.m */; };
		95BAEFDC23044DFA00C515DE /* RCTConvert+STPPaymentMethod.m in Sources */ = {isa = PBXBuildFile; fileRef = 95BAEFCB23044DF900C515DE /* RCTConvert+STPPaymentMethod.m */; };
		95BAEFDD23044DFA00C515DE /* RCTConvert+STPCardFundingType.m in Sources */ = {isa = PBXBuildFile; fileRef = 95BAEFCC23044DF900C515DE /* RCTConvert+STPCardFundingType.m */; };
		95BAEFDE23044DFA00C515DE /* RCTConvert+STPPaymentMethodCard.m in Sources */ = {isa = PBXBuildFile; fileRef = 95BAEFCD23044DF900C515DE /* RCTConvert+STPPaymentMethodCard.m */; };
		95BAEFDF23044DFA00C515DE /* RCTConvert+STPBankAccountStatus.m in Sources */ = {isa = PBXBuildFile; fileRef = 95BAEFCF23044DF900C515DE /* RCTConvert+STPBankAccountStatus.m */; };
		95BAEFE023044DFA00C515DE /* RCTConvert+STPToken.m in Sources */ = {isa = PBXBuildFile; fileRef = 95BAEFD123044DF900C515DE /* RCTConvert+STPToken.m */; };
		95BAEFE123044DFA00C515DE /* RCTConvert+STPCard.m in Sources */ = {isa = PBXBuildFile; fileRef = 95BAEFD323044DF900C515DE /* RCTConvert+STPCard.m */; };
		95BAEFE223044DFA00C515DE /* RCTConvert+STPBankAccountHolderType.m in Sources */ = {isa = PBXBuildFile; fileRef = 95BAEFD523044DF900C515DE /* RCTConvert+STPBankAccountHolderType.m */; };
		95BAEFE323044DFA00C515DE /* STPAPIClient+ApplePayWithPaymentMethod.m in Sources */ = {isa = PBXBuildFile; fileRef = 95BAEFD923044DFA00C515DE /* STPAPIClient+ApplePayWithPaymentMethod.m */; };
		B81C8CDE1F978E320021EB09 /* TPSError.m in Sources */ = {isa = PBXBuildFile; fileRef = B81C8CDD1F978E320021EB09 /* TPSError.m */; };
/* End PBXBuildFile section */

/* Begin PBXCopyFilesBuildPhase section */
		3A3A7F181DC27B520030F9DC /* CopyFiles */ = {
			isa = PBXCopyFilesBuildPhase;
			buildActionMask = 2147483647;
			dstPath = "include/$(PRODUCT_NAME)";
			dstSubfolderSpec = 16;
			files = (
			);
			runOnlyForDeploymentPostprocessing = 0;
		};
/* End PBXCopyFilesBuildPhase section */

/* Begin PBXFileReference section */
		3A1FF6F61DC3857F00A43A04 /* TPSStripeManager.h */ = {isa = PBXFileReference; fileEncoding = 4; lastKnownFileType = sourcecode.c.h; path = TPSStripeManager.h; sourceTree = "<group>"; };
		3A1FF6F71DC3857F00A43A04 /* TPSStripeManager.m */ = {isa = PBXFileReference; fileEncoding = 4; lastKnownFileType = sourcecode.c.objc; path = TPSStripeManager.m; sourceTree = "<group>"; };
		3A228EB11DC52E54007BB9D0 /* PassKit.framework */ = {isa = PBXFileReference; lastKnownFileType = wrapper.framework; name = PassKit.framework; path = System/Library/Frameworks/PassKit.framework; sourceTree = SDKROOT; };
		3A3A7F1A1DC27B520030F9DC /* libTPSStripe.a */ = {isa = PBXFileReference; explicitFileType = archive.ar; includeInIndex = 0; path = libTPSStripe.a; sourceTree = BUILT_PRODUCTS_DIR; };
		3A4EF3231DC8F90100A7C0BD /* TPSCardFieldManager.h */ = {isa = PBXFileReference; fileEncoding = 4; lastKnownFileType = sourcecode.c.h; path = TPSCardFieldManager.h; sourceTree = "<group>"; };
		3A4EF3241DC8F90100A7C0BD /* TPSCardFieldManager.m */ = {isa = PBXFileReference; fileEncoding = 4; lastKnownFileType = sourcecode.c.objc; path = TPSCardFieldManager.m; sourceTree = "<group>"; };
		3A4EF3261DC8FD4600A7C0BD /* TPSCardField.h */ = {isa = PBXFileReference; fileEncoding = 4; lastKnownFileType = sourcecode.c.h; path = TPSCardField.h; sourceTree = "<group>"; };
		3A4EF3271DC8FD4600A7C0BD /* TPSCardField.m */ = {isa = PBXFileReference; fileEncoding = 4; lastKnownFileType = sourcecode.c.objc; path = TPSCardField.m; sourceTree = "<group>"; };
		3C0CB3821E6D765D00CF5D16 /* Stripe.framework */ = {isa = PBXFileReference; lastKnownFileType = wrapper.framework; path = Stripe.framework; sourceTree = BUILT_PRODUCTS_DIR; };
		95AFA00B2305850400FC2D1A /* RCTConvert+STPCardParams.h */ = {isa = PBXFileReference; lastKnownFileType = sourcecode.c.h; path = "RCTConvert+STPCardParams.h"; sourceTree = "<group>"; };
		95AFA00C2305851700FC2D1A /* RCTConvert+STPCardParams.m */ = {isa = PBXFileReference; lastKnownFileType = sourcecode.c.objc; path = "RCTConvert+STPCardParams.m"; sourceTree = "<group>"; };
		95AFA00E230585FD00FC2D1A /* RCTConvert+STPSourceParams.h */ = {isa = PBXFileReference; lastKnownFileType = sourcecode.c.h; path = "RCTConvert+STPSourceParams.h"; sourceTree = "<group>"; };
		95AFA00F2305860B00FC2D1A /* RCTConvert+STPSourceParams.m */ = {isa = PBXFileReference; lastKnownFileType = sourcecode.c.objc; path = "RCTConvert+STPSourceParams.m"; sourceTree = "<group>"; };
		95AFA0112305863900FC2D1A /* RCTConvert+STPPaymentMethodCardParams.h */ = {isa = PBXFileReference; lastKnownFileType = sourcecode.c.h; path = "RCTConvert+STPPaymentMethodCardParams.h"; sourceTree = "<group>"; };
		95AFA0122305864500FC2D1A /* RCTConvert+STPPaymentMethodCardParams.m */ = {isa = PBXFileReference; lastKnownFileType = sourcecode.c.objc; path = "RCTConvert+STPPaymentMethodCardParams.m"; sourceTree = "<group>"; };
		95AFA0142305865C00FC2D1A /* RCTConvert+STPSourceFlow.h */ = {isa = PBXFileReference; lastKnownFileType = sourcecode.c.h; path = "RCTConvert+STPSourceFlow.h"; sourceTree = "<group>"; };
		95AFA0152305866500FC2D1A /* RCTConvert+STPSourceFlow.m */ = {isa = PBXFileReference; lastKnownFileType = sourcecode.c.objc; path = "RCTConvert+STPSourceFlow.m"; sourceTree = "<group>"; };
		95AFA0172305867600FC2D1A /* RCTConvert+STPSourceRedirectStatus.h */ = {isa = PBXFileReference; lastKnownFileType = sourcecode.c.h; path = "RCTConvert+STPSourceRedirectStatus.h"; sourceTree = "<group>"; };
		95AFA0182305867F00FC2D1A /* RCTConvert+STPSourceRedirectStatus.m */ = {isa = PBXFileReference; lastKnownFileType = sourcecode.c.objc; path = "RCTConvert+STPSourceRedirectStatus.m"; sourceTree = "<group>"; };
		95AFA01A2305869200FC2D1A /* RCTConvert+STPSourceVerificationStatus.h */ = {isa = PBXFileReference; lastKnownFileType = sourcecode.c.h; path = "RCTConvert+STPSourceVerificationStatus.h"; sourceTree = "<group>"; };
		95AFA01B230586A300FC2D1A /* RCTConvert+STPSourceVerificationStatus.m */ = {isa = PBXFileReference; lastKnownFileType = sourcecode.c.objc; path = "RCTConvert+STPSourceVerificationStatus.m"; sourceTree = "<group>"; };
		95AFA01D230586B500FC2D1A /* RCTConvert+STPSourceCard3DSecureStatus.h */ = {isa = PBXFileReference; lastKnownFileType = sourcecode.c.h; path = "RCTConvert+STPSourceCard3DSecureStatus.h"; sourceTree = "<group>"; };
		95AFA01E230586BF00FC2D1A /* RCTConvert+STPSourceCard3DSecureStatus.m */ = {isa = PBXFileReference; lastKnownFileType = sourcecode.c.objc; path = "RCTConvert+STPSourceCard3DSecureStatus.m"; sourceTree = "<group>"; };
		95AFA020230586CD00FC2D1A /* RCTConvert+STPSourceCardDetails.h */ = {isa = PBXFileReference; lastKnownFileType = sourcecode.c.h; path = "RCTConvert+STPSourceCardDetails.h"; sourceTree = "<group>"; };
		95AFA021230586D500FC2D1A /* RCTConvert+STPSourceCardDetails.m */ = {isa = PBXFileReference; lastKnownFileType = sourcecode.c.objc; path = "RCTConvert+STPSourceCardDetails.m"; sourceTree = "<group>"; };
		95AFA023230586E300FC2D1A /* RCTConvert+STPSourceStatus.h */ = {isa = PBXFileReference; lastKnownFileType = sourcecode.c.h; path = "RCTConvert+STPSourceStatus.h"; sourceTree = "<group>"; };
		95AFA024230586EE00FC2D1A /* RCTConvert+STPSourceStatus.m */ = {isa = PBXFileReference; lastKnownFileType = sourcecode.c.objc; path = "RCTConvert+STPSourceStatus.m"; sourceTree = "<group>"; };
		95AFA026230586FB00FC2D1A /* RCTConvert+STPSourceType.h */ = {isa = PBXFileReference; lastKnownFileType = sourcecode.c.h; path = "RCTConvert+STPSourceType.h"; sourceTree = "<group>"; };
		95AFA0272305870E00FC2D1A /* RCTConvert+STPSourceType.m */ = {isa = PBXFileReference; lastKnownFileType = sourcecode.c.objc; path = "RCTConvert+STPSourceType.m"; sourceTree = "<group>"; };
		95AFA0292305871C00FC2D1A /* RCTConvert+STPSourceUsage.h */ = {isa = PBXFileReference; lastKnownFileType = sourcecode.c.h; path = "RCTConvert+STPSourceUsage.h"; sourceTree = "<group>"; };
		95AFA02A2305872A00FC2D1A /* RCTConvert+STPSourceUsage.m */ = {isa = PBXFileReference; lastKnownFileType = sourcecode.c.objc; path = "RCTConvert+STPSourceUsage.m"; sourceTree = "<group>"; };
		95AFA02C2305875100FC2D1A /* RCTConvert+STPSource.h */ = {isa = PBXFileReference; lastKnownFileType = sourcecode.c.h; path = "RCTConvert+STPSource.h"; sourceTree = "<group>"; };
		95AFA02D2305875B00FC2D1A /* RCTConvert+STPSource.m */ = {isa = PBXFileReference; lastKnownFileType = sourcecode.c.objc; path = "RCTConvert+STPSource.m"; sourceTree = "<group>"; };
		95BAEFC923044DF900C515DE /* RCTConvert+STPPaymentMethod.h */ = {isa = PBXFileReference; fileEncoding = 4; lastKnownFileType = sourcecode.c.h; path = "RCTConvert+STPPaymentMethod.h"; sourceTree = "<group>"; };
		95BAEFCA23044DF900C515DE /* RCTConvert+STPCardBrand.m */ = {isa = PBXFileReference; fileEncoding = 4; lastKnownFileType = sourcecode.c.objc; path = "RCTConvert+STPCardBrand.m"; sourceTree = "<group>"; };
		95BAEFCB23044DF900C515DE /* RCTConvert+STPPaymentMethod.m */ = {isa = PBXFileReference; fileEncoding = 4; lastKnownFileType = sourcecode.c.objc; path = "RCTConvert+STPPaymentMethod.m"; sourceTree = "<group>"; };
		95BAEFCC23044DF900C515DE /* RCTConvert+STPCardFundingType.m */ = {isa = PBXFileReference; fileEncoding = 4; lastKnownFileType = sourcecode.c.objc; path = "RCTConvert+STPCardFundingType.m"; sourceTree = "<group>"; };
		95BAEFCD23044DF900C515DE /* RCTConvert+STPPaymentMethodCard.m */ = {isa = PBXFileReference; fileEncoding = 4; lastKnownFileType = sourcecode.c.objc; path = "RCTConvert+STPPaymentMethodCard.m"; sourceTree = "<group>"; };
		95BAEFCE23044DF900C515DE /* RCTConvert+STPBankAccountHolderType.h */ = {isa = PBXFileReference; fileEncoding = 4; lastKnownFileType = sourcecode.c.h; path = "RCTConvert+STPBankAccountHolderType.h"; sourceTree = "<group>"; };
		95BAEFCF23044DF900C515DE /* RCTConvert+STPBankAccountStatus.m */ = {isa = PBXFileReference; fileEncoding = 4; lastKnownFileType = sourcecode.c.objc; path = "RCTConvert+STPBankAccountStatus.m"; sourceTree = "<group>"; };
		95BAEFD023044DF900C515DE /* RCTConvert+STPToken.h */ = {isa = PBXFileReference; fileEncoding = 4; lastKnownFileType = sourcecode.c.h; path = "RCTConvert+STPToken.h"; sourceTree = "<group>"; };
		95BAEFD123044DF900C515DE /* RCTConvert+STPToken.m */ = {isa = PBXFileReference; fileEncoding = 4; lastKnownFileType = sourcecode.c.objc; path = "RCTConvert+STPToken.m"; sourceTree = "<group>"; };
		95BAEFD223044DF900C515DE /* RCTConvert+STPCardBrand.h */ = {isa = PBXFileReference; fileEncoding = 4; lastKnownFileType = sourcecode.c.h; path = "RCTConvert+STPCardBrand.h"; sourceTree = "<group>"; };
		95BAEFD323044DF900C515DE /* RCTConvert+STPCard.m */ = {isa = PBXFileReference; fileEncoding = 4; lastKnownFileType = sourcecode.c.objc; path = "RCTConvert+STPCard.m"; sourceTree = "<group>"; };
		95BAEFD423044DF900C515DE /* STPAPIClient+ApplePayWithPaymentMethod.h */ = {isa = PBXFileReference; fileEncoding = 4; lastKnownFileType = sourcecode.c.h; path = "STPAPIClient+ApplePayWithPaymentMethod.h"; sourceTree = "<group>"; };
		95BAEFD523044DF900C515DE /* RCTConvert+STPBankAccountHolderType.m */ = {isa = PBXFileReference; fileEncoding = 4; lastKnownFileType = sourcecode.c.objc; path = "RCTConvert+STPBankAccountHolderType.m"; sourceTree = "<group>"; };
		95BAEFD623044DF900C515DE /* RCTConvert+STPCard.h */ = {isa = PBXFileReference; fileEncoding = 4; lastKnownFileType = sourcecode.c.h; path = "RCTConvert+STPCard.h"; sourceTree = "<group>"; };
		95BAEFD723044DFA00C515DE /* RCTConvert+STPCardFundingType.h */ = {isa = PBXFileReference; fileEncoding = 4; lastKnownFileType = sourcecode.c.h; path = "RCTConvert+STPCardFundingType.h"; sourceTree = "<group>"; };
		95BAEFD823044DFA00C515DE /* RCTConvert+STPPaymentMethodCard.h */ = {isa = PBXFileReference; fileEncoding = 4; lastKnownFileType = sourcecode.c.h; path = "RCTConvert+STPPaymentMethodCard.h"; sourceTree = "<group>"; };
		95BAEFD923044DFA00C515DE /* STPAPIClient+ApplePayWithPaymentMethod.m */ = {isa = PBXFileReference; fileEncoding = 4; lastKnownFileType = sourcecode.c.objc; path = "STPAPIClient+ApplePayWithPaymentMethod.m"; sourceTree = "<group>"; };
		95BAEFDA23044DFA00C515DE /* RCTConvert+STPBankAccountStatus.h */ = {isa = PBXFileReference; fileEncoding = 4; lastKnownFileType = sourcecode.c.h; path = "RCTConvert+STPBankAccountStatus.h"; sourceTree = "<group>"; };
		B81C8CDC1F978E320021EB09 /* TPSError.h */ = {isa = PBXFileReference; fileEncoding = 4; lastKnownFileType = sourcecode.c.h; path = TPSError.h; sourceTree = "<group>"; };
		B81C8CDD1F978E320021EB09 /* TPSError.m */ = {isa = PBXFileReference; fileEncoding = 4; lastKnownFileType = sourcecode.c.objc; path = TPSError.m; sourceTree = "<group>"; };
/* End PBXFileReference section */

/* Begin PBXFrameworksBuildPhase section */
		3A3A7F171DC27B520030F9DC /* Frameworks */ = {
			isa = PBXFrameworksBuildPhase;
			buildActionMask = 2147483647;
			files = (
				3C0CB3831E6D765D00CF5D16 /* Stripe.framework in Frameworks */,
				3A228EB21DC52E54007BB9D0 /* PassKit.framework in Frameworks */,
			);
			runOnlyForDeploymentPostprocessing = 0;
		};
/* End PBXFrameworksBuildPhase section */

/* Begin PBXGroup section */
		3A228EB01DC52E54007BB9D0 /* Frameworks */ = {
			isa = PBXGroup;
			children = (
				3C0CB3821E6D765D00CF5D16 /* Stripe.framework */,
				3A228EB11DC52E54007BB9D0 /* PassKit.framework */,
			);
			name = Frameworks;
			sourceTree = "<group>";
		};
		3A3A7F111DC27B520030F9DC = {
			isa = PBXGroup;
			children = (
				3A3A7F1C1DC27B520030F9DC /* TPSStripe */,
				3A3A7F1B1DC27B520030F9DC /* Products */,
				3A228EB01DC52E54007BB9D0 /* Frameworks */,
			);
			sourceTree = "<group>";
		};
		3A3A7F1B1DC27B520030F9DC /* Products */ = {
			isa = PBXGroup;
			children = (
				3A3A7F1A1DC27B520030F9DC /* libTPSStripe.a */,
			);
			name = Products;
			sourceTree = "<group>";
		};
		3A3A7F1C1DC27B520030F9DC /* TPSStripe */ = {
			isa = PBXGroup;
			children = (
				3A1FF6F61DC3857F00A43A04 /* TPSStripeManager.h */,
				3A1FF6F71DC3857F00A43A04 /* TPSStripeManager.m */,
				3A4EF3231DC8F90100A7C0BD /* TPSCardFieldManager.h */,
				3A4EF3241DC8F90100A7C0BD /* TPSCardFieldManager.m */,
				3A4EF3261DC8FD4600A7C0BD /* TPSCardField.h */,
				3A4EF3271DC8FD4600A7C0BD /* TPSCardField.m */,
				B81C8CDC1F978E320021EB09 /* TPSError.h */,
				B81C8CDD1F978E320021EB09 /* TPSError.m */,
				95BAEFCE23044DF900C515DE /* RCTConvert+STPBankAccountHolderType.h */,
				95BAEFD523044DF900C515DE /* RCTConvert+STPBankAccountHolderType.m */,
				95BAEFDA23044DFA00C515DE /* RCTConvert+STPBankAccountStatus.h */,
				95BAEFCF23044DF900C515DE /* RCTConvert+STPBankAccountStatus.m */,
				95BAEFD623044DF900C515DE /* RCTConvert+STPCard.h */,
				95BAEFD323044DF900C515DE /* RCTConvert+STPCard.m */,
				95BAEFD223044DF900C515DE /* RCTConvert+STPCardBrand.h */,
				95BAEFCA23044DF900C515DE /* RCTConvert+STPCardBrand.m */,
				95BAEFD723044DFA00C515DE /* RCTConvert+STPCardFundingType.h */,
				95BAEFCC23044DF900C515DE /* RCTConvert+STPCardFundingType.m */,
				95BAEFC923044DF900C515DE /* RCTConvert+STPPaymentMethod.h */,
				95BAEFCB23044DF900C515DE /* RCTConvert+STPPaymentMethod.m */,
				95BAEFD823044DFA00C515DE /* RCTConvert+STPPaymentMethodCard.h */,
				95BAEFCD23044DF900C515DE /* RCTConvert+STPPaymentMethodCard.m */,
				95BAEFD023044DF900C515DE /* RCTConvert+STPToken.h */,
				95BAEFD123044DF900C515DE /* RCTConvert+STPToken.m */,
				95AFA00B2305850400FC2D1A /* RCTConvert+STPCardParams.h */,
				95AFA00C2305851700FC2D1A /* RCTConvert+STPCardParams.m */,
				95AFA00E230585FD00FC2D1A /* RCTConvert+STPSourceParams.h */,
				95AFA00F2305860B00FC2D1A /* RCTConvert+STPSourceParams.m */,
				95AFA02C2305875100FC2D1A /* RCTConvert+STPSource.h */,
				95AFA02D2305875B00FC2D1A /* RCTConvert+STPSource.m */,
				95AFA0292305871C00FC2D1A /* RCTConvert+STPSourceUsage.h */,
				95AFA02A2305872A00FC2D1A /* RCTConvert+STPSourceUsage.m */,
				95AFA026230586FB00FC2D1A /* RCTConvert+STPSourceType.h */,
				95AFA0272305870E00FC2D1A /* RCTConvert+STPSourceType.m */,
				95AFA023230586E300FC2D1A /* RCTConvert+STPSourceStatus.h */,
				95AFA024230586EE00FC2D1A /* RCTConvert+STPSourceStatus.m */,
				95AFA020230586CD00FC2D1A /* RCTConvert+STPSourceCardDetails.h */,
				95AFA021230586D500FC2D1A /* RCTConvert+STPSourceCardDetails.m */,
				95AFA01D230586B500FC2D1A /* RCTConvert+STPSourceCard3DSecureStatus.h */,
				95AFA01E230586BF00FC2D1A /* RCTConvert+STPSourceCard3DSecureStatus.m */,
				95AFA01A2305869200FC2D1A /* RCTConvert+STPSourceVerificationStatus.h */,
				95AFA01B230586A300FC2D1A /* RCTConvert+STPSourceVerificationStatus.m */,
				95AFA0172305867600FC2D1A /* RCTConvert+STPSourceRedirectStatus.h */,
				95AFA0182305867F00FC2D1A /* RCTConvert+STPSourceRedirectStatus.m */,
				95AFA0142305865C00FC2D1A /* RCTConvert+STPSourceFlow.h */,
				95AFA0152305866500FC2D1A /* RCTConvert+STPSourceFlow.m */,
				95AFA0112305863900FC2D1A /* RCTConvert+STPPaymentMethodCardParams.h */,
				95AFA0122305864500FC2D1A /* RCTConvert+STPPaymentMethodCardParams.m */,
				95BAEFD423044DF900C515DE /* STPAPIClient+ApplePayWithPaymentMethod.h */,
				95BAEFD923044DFA00C515DE /* STPAPIClient+ApplePayWithPaymentMethod.m */,
			);
			path = TPSStripe;
			sourceTree = "<group>";
		};
/* End PBXGroup section */

/* Begin PBXNativeTarget section */
		3A3A7F191DC27B520030F9DC /* TPSStripe */ = {
			isa = PBXNativeTarget;
			buildConfigurationList = 3A3A7F231DC27B520030F9DC /* Build configuration list for PBXNativeTarget "TPSStripe" */;
			buildPhases = (
				3A3A7F161DC27B520030F9DC /* Sources */,
				3A3A7F171DC27B520030F9DC /* Frameworks */,
				3A3A7F181DC27B520030F9DC /* CopyFiles */,
			);
			buildRules = (
			);
			dependencies = (
			);
			name = TPSStripe;
			productName = TPSStripe;
			productReference = 3A3A7F1A1DC27B520030F9DC /* libTPSStripe.a */;
			productType = "com.apple.product-type.library.static";
		};
/* End PBXNativeTarget section */

/* Begin PBXProject section */
		3A3A7F121DC27B520030F9DC /* Project object */ = {
			isa = PBXProject;
			attributes = {
				LastUpgradeCheck = 0800;
				ORGANIZATIONNAME = Tipsi;
				TargetAttributes = {
					3A3A7F191DC27B520030F9DC = {
						CreatedOnToolsVersion = 8.0;
						ProvisioningStyle = Automatic;
					};
				};
			};
			buildConfigurationList = 3A3A7F151DC27B520030F9DC /* Build configuration list for PBXProject "TPSStripe" */;
			compatibilityVersion = "Xcode 3.2";
			developmentRegion = English;
			hasScannedForEncodings = 0;
			knownRegions = (
				English,
				en,
			);
			mainGroup = 3A3A7F111DC27B520030F9DC;
			productRefGroup = 3A3A7F1B1DC27B520030F9DC /* Products */;
			projectDirPath = "";
			projectRoot = "";
			targets = (
				3A3A7F191DC27B520030F9DC /* TPSStripe */,
			);
		};
/* End PBXProject section */

/* Begin PBXSourcesBuildPhase section */
		3A3A7F161DC27B520030F9DC /* Sources */ = {
			isa = PBXSourcesBuildPhase;
			buildActionMask = 2147483647;
			files = (
				3A4EF3251DC8F90100A7C0BD /* TPSCardFieldManager.m in Sources */,
				95AFA0102305860B00FC2D1A /* RCTConvert+STPSourceParams.m in Sources */,
				95AFA025230586EE00FC2D1A /* RCTConvert+STPSourceStatus.m in Sources */,
				95BAEFDC23044DFA00C515DE /* RCTConvert+STPPaymentMethod.m in Sources */,
				3A1FF6F81DC3857F00A43A04 /* TPSStripeManager.m in Sources */,
				95AFA0192305867F00FC2D1A /* RCTConvert+STPSourceRedirectStatus.m in Sources */,
				95BAEFDF23044DFA00C515DE /* RCTConvert+STPBankAccountStatus.m in Sources */,
				95AFA0162305866500FC2D1A /* RCTConvert+STPSourceFlow.m in Sources */,
				95AFA01C230586A300FC2D1A /* RCTConvert+STPSourceVerificationStatus.m in Sources */,
				95BAEFDE23044DFA00C515DE /* RCTConvert+STPPaymentMethodCard.m in Sources */,
				95AFA02E2305875B00FC2D1A /* RCTConvert+STPSource.m in Sources */,
				B81C8CDE1F978E320021EB09 /* TPSError.m in Sources */,
				95BAEFE123044DFA00C515DE /* RCTConvert+STPCard.m in Sources */,
				95AFA0282305870E00FC2D1A /* RCTConvert+STPSourceType.m in Sources */,
				95AFA00D2305851700FC2D1A /* RCTConvert+STPCardParams.m in Sources */,
				95AFA01F230586BF00FC2D1A /* RCTConvert+STPSourceCard3DSecureStatus.m in Sources */,
				95BAEFDD23044DFA00C515DE /* RCTConvert+STPCardFundingType.m in Sources */,
				95AFA02B2305872A00FC2D1A /* RCTConvert+STPSourceUsage.m in Sources */,
				3A4EF3281DC8FD4600A7C0BD /* TPSCardField.m in Sources */,
				95AFA0132305864500FC2D1A /* RCTConvert+STPPaymentMethodCardParams.m in Sources */,
				95BAEFE223044DFA00C515DE /* RCTConvert+STPBankAccountHolderType.m in Sources */,
				95BAEFDB23044DFA00C515DE /* RCTConvert+STPCardBrand.m in Sources */,
				95BAEFE023044DFA00C515DE /* RCTConvert+STPToken.m in Sources */,
				95BAEFE323044DFA00C515DE /* STPAPIClient+ApplePayWithPaymentMethod.m in Sources */,
				95AFA022230586D500FC2D1A /* RCTConvert+STPSourceCardDetails.m in Sources */,
			);
			runOnlyForDeploymentPostprocessing = 0;
		};
/* End PBXSourcesBuildPhase section */

/* Begin XCBuildConfiguration section */
		3A3A7F211DC27B520030F9DC /* Debug */ = {
			isa = XCBuildConfiguration;
			buildSettings = {
				ALWAYS_SEARCH_USER_PATHS = NO;
				CLANG_ANALYZER_NONNULL = YES;
				CLANG_CXX_LANGUAGE_STANDARD = "gnu++0x";
				CLANG_CXX_LIBRARY = "libc++";
				CLANG_ENABLE_MODULES = YES;
				CLANG_ENABLE_OBJC_ARC = YES;
				CLANG_WARN_BOOL_CONVERSION = YES;
				CLANG_WARN_CONSTANT_CONVERSION = YES;
				CLANG_WARN_DIRECT_OBJC_ISA_USAGE = YES_ERROR;
				CLANG_WARN_DOCUMENTATION_COMMENTS = YES;
				CLANG_WARN_EMPTY_BODY = YES;
				CLANG_WARN_ENUM_CONVERSION = YES;
				CLANG_WARN_INFINITE_RECURSION = YES;
				CLANG_WARN_INT_CONVERSION = YES;
				CLANG_WARN_OBJC_ROOT_CLASS = YES_ERROR;
				CLANG_WARN_SUSPICIOUS_MOVES = YES;
				CLANG_WARN_UNREACHABLE_CODE = YES;
				CLANG_WARN__DUPLICATE_METHOD_MATCH = YES;
				"CODE_SIGN_IDENTITY[sdk=iphoneos*]" = "iPhone Developer";
				COPY_PHASE_STRIP = NO;
				DEBUG_INFORMATION_FORMAT = dwarf;
				ENABLE_STRICT_OBJC_MSGSEND = YES;
				ENABLE_TESTABILITY = YES;
				GCC_C_LANGUAGE_STANDARD = gnu99;
				GCC_DYNAMIC_NO_PIC = NO;
				GCC_NO_COMMON_BLOCKS = YES;
				GCC_OPTIMIZATION_LEVEL = 0;
				GCC_PREPROCESSOR_DEFINITIONS = (
					"DEBUG=1",
					"$(inherited)",
				);
				GCC_WARN_64_TO_32_BIT_CONVERSION = YES;
				GCC_WARN_ABOUT_RETURN_TYPE = YES_ERROR;
				GCC_WARN_UNDECLARED_SELECTOR = YES;
				GCC_WARN_UNINITIALIZED_AUTOS = YES_AGGRESSIVE;
				GCC_WARN_UNUSED_FUNCTION = YES;
				GCC_WARN_UNUSED_VARIABLE = YES;
				HEADER_SEARCH_PATHS = (
					"$(SRCROOT)/../../../React/**",
					"$(SRCROOT)/../../react-native/React/**",
					"${SRCROOT}/../../../ios/Pods/Headers/Public",
					"${SRCROOT}/../../../ios/Pods/Headers/Public/Stripe",
				);
				IPHONEOS_DEPLOYMENT_TARGET = 10.0;
				MTL_ENABLE_DEBUG_INFO = YES;
				ONLY_ACTIVE_ARCH = YES;
				SDKROOT = iphoneos;
			};
			name = Debug;
		};
		3A3A7F221DC27B520030F9DC /* Release */ = {
			isa = XCBuildConfiguration;
			buildSettings = {
				ALWAYS_SEARCH_USER_PATHS = NO;
				CLANG_ANALYZER_NONNULL = YES;
				CLANG_CXX_LANGUAGE_STANDARD = "gnu++0x";
				CLANG_CXX_LIBRARY = "libc++";
				CLANG_ENABLE_MODULES = YES;
				CLANG_ENABLE_OBJC_ARC = YES;
				CLANG_WARN_BOOL_CONVERSION = YES;
				CLANG_WARN_CONSTANT_CONVERSION = YES;
				CLANG_WARN_DIRECT_OBJC_ISA_USAGE = YES_ERROR;
				CLANG_WARN_DOCUMENTATION_COMMENTS = YES;
				CLANG_WARN_EMPTY_BODY = YES;
				CLANG_WARN_ENUM_CONVERSION = YES;
				CLANG_WARN_INFINITE_RECURSION = YES;
				CLANG_WARN_INT_CONVERSION = YES;
				CLANG_WARN_OBJC_ROOT_CLASS = YES_ERROR;
				CLANG_WARN_SUSPICIOUS_MOVES = YES;
				CLANG_WARN_UNREACHABLE_CODE = YES;
				CLANG_WARN__DUPLICATE_METHOD_MATCH = YES;
				"CODE_SIGN_IDENTITY[sdk=iphoneos*]" = "iPhone Developer";
				COPY_PHASE_STRIP = NO;
				DEBUG_INFORMATION_FORMAT = "dwarf-with-dsym";
				ENABLE_NS_ASSERTIONS = NO;
				ENABLE_STRICT_OBJC_MSGSEND = YES;
				GCC_C_LANGUAGE_STANDARD = gnu99;
				GCC_NO_COMMON_BLOCKS = YES;
				GCC_WARN_64_TO_32_BIT_CONVERSION = YES;
				GCC_WARN_ABOUT_RETURN_TYPE = YES_ERROR;
				GCC_WARN_UNDECLARED_SELECTOR = YES;
				GCC_WARN_UNINITIALIZED_AUTOS = YES_AGGRESSIVE;
				GCC_WARN_UNUSED_FUNCTION = YES;
				GCC_WARN_UNUSED_VARIABLE = YES;
				HEADER_SEARCH_PATHS = (
					"$(SRCROOT)/../../../React/**",
					"$(SRCROOT)/../../react-native/React/**",
					"${SRCROOT}/../../../ios/Pods/Headers/Public",
					"${SRCROOT}/../../../ios/Pods/Headers/Public/Stripe",
				);
				IPHONEOS_DEPLOYMENT_TARGET = 10.0;
				MTL_ENABLE_DEBUG_INFO = NO;
				SDKROOT = iphoneos;
				VALIDATE_PRODUCT = YES;
			};
			name = Release;
		};
		3A3A7F241DC27B520030F9DC /* Debug */ = {
			isa = XCBuildConfiguration;
			buildSettings = {
				FRAMEWORK_SEARCH_PATHS = (
					"${BUILT_PRODUCTS_DIR}/**",
					"$BUILD_DIR/$CONFIGURATION$EFFECTIVE_PLATFORM_NAME/Stripe/**",
				);
				OTHER_LDFLAGS = "-ObjC";
				PRODUCT_NAME = "$(TARGET_NAME)";
				SKIP_INSTALL = YES;
			};
			name = Debug;
		};
		3A3A7F251DC27B520030F9DC /* Release */ = {
			isa = XCBuildConfiguration;
			buildSettings = {
				FRAMEWORK_SEARCH_PATHS = (
					"${BUILT_PRODUCTS_DIR}/**",
					"$BUILD_DIR/$CONFIGURATION$EFFECTIVE_PLATFORM_NAME/Stripe/**",
				);
				OTHER_LDFLAGS = "-ObjC";
				PRODUCT_NAME = "$(TARGET_NAME)";
				SKIP_INSTALL = YES;
			};
			name = Release;
		};
/* End XCBuildConfiguration section */

/* Begin XCConfigurationList section */
		3A3A7F151DC27B520030F9DC /* Build configuration list for PBXProject "TPSStripe" */ = {
			isa = XCConfigurationList;
			buildConfigurations = (
				3A3A7F211DC27B520030F9DC /* Debug */,
				3A3A7F221DC27B520030F9DC /* Release */,
			);
			defaultConfigurationIsVisible = 0;
			defaultConfigurationName = Release;
		};
		3A3A7F231DC27B520030F9DC /* Build configuration list for PBXNativeTarget "TPSStripe" */ = {
			isa = XCConfigurationList;
			buildConfigurations = (
				3A3A7F241DC27B520030F9DC /* Debug */,
				3A3A7F251DC27B520030F9DC /* Release */,
			);
			defaultConfigurationIsVisible = 0;
			defaultConfigurationName = Release;
		};
/* End XCConfigurationList section */
	};
	rootObject = 3A3A7F121DC27B520030F9DC /* Project object */;
}
